
Microsoft Visual Studio Solution File, Format Version 12.00
# Visual Studio Version 16
VisualStudioVersion = 16.0.29519.87
MinimumVisualStudioVersion = 10.0.40219.1
Project("{FAE04EC0-301F-11D3-BF4B-00C04F79EFBC}") = "EloadasProject", "EloadasProject\EloadasProject.csproj", "{57687338-AD50-462B-9C5A-20136C5E18DB}"
EndProject
Global
	GlobalSection(SolutionConfigurationPlatforms) = preSolution
		Debug|Any CPU = Debug|Any CPU
		Release|Any CPU = Release|Any CPU
	EndGlobalSection
	GlobalSection(ProjectConfigurationPlatforms) = postSolution
		{57687338-AD50-462B-9C5A-20136C5E18DB}.Debug|Any CPU.ActiveCfg = Debug|Any CPU
		{57687338-AD50-462B-9C5A-20136C5E18DB}.Debug|Any CPU.Build.0 = Debug|Any CPU
		{57687338-AD50-462B-9C5A-20136C5E18DB}.Release|Any CPU.ActiveCfg = Release|Any CPU
		{57687338-AD50-462B-9C5A-20136C5E18DB}.Release|Any CPU.Build.0 = Release|Any CPU
	EndGlobalSection
	GlobalSection(SolutionProperties) = preSolution
		HideSolutionNode = FALSE
	EndGlobalSection
	GlobalSection(ExtensibilityGlobals) = postSolution
		SolutionGuid = {CFA3E060-1B79-41C0-A7C4-7F6279F59DD3}
	EndGlobalSection
EndGlobal
